{
  "name": "backend",
  "lockfileVersion": 2,
  "requires": true,
  "packages": {
    "": {
      "dependencies": {
        "helmet": "^5.1.1"
      }
    },
    "node_modules/helmet": {
      "version": "5.1.1",
      "resolved": "https://registry.npmjs.org/helmet/-/helmet-5.1.1.tgz",
      "integrity": "sha512-/yX0oVZBggA9cLJh8aw3PPCfedBnbd7J2aowjzsaWwZh7/UFY0nccn/aHAggIgWUFfnykX8GKd3a1pSbrmlcVQ==",
      "engines": {
        "node": ">=12.0.0"
      }
    }
  },
  "dependencies": {
    "helmet": {
      "version": "5.1.1",
      "resolved": "https://registry.npmjs.org/helmet/-/helmet-5.1.1.tgz",
      "integrity": "sha512-/yX0oVZBggA9cLJh8aw3PPCfedBnbd7J2aowjzsaWwZh7/UFY0nccn/aHAggIgWUFfnykX8GKd3a1pSbrmlcVQ=="
    }
  }
}
